{"filter":false,"title":"composer.lock","tooltip":"/composer.lock","undoManager":{"mark":-1,"position":-1,"stack":[]},"ace":{"folds":[],"scrolltop":300,"scrollleft":0,"selection":{"start":{"row":0,"column":0},"end":{"row":0,"column":0},"isBackwards":false},"options":{"guessTabSize":true,"useWrapMode":false,"wrapToView":true},"firstLineState":0},"timestamp":1494046760201,"hash":"96d8dacbb7f5b0993fb69aea990c0872a0f4e32a"}